
Microsoft Visual Studio Solution File, Format Version 12.00
# Visual Studio Version 17
VisualStudioVersion = 17.7.34024.191
MinimumVisualStudioVersion = 10.0.40219.1
Project("{8BC9CEB8-8B4A-11D0-8D11-00A0C91BC942}") = "Chromatic Engine", "Chromatic Engine.vcxproj", "{21B1B3DE-302D-4771-8F96-73D658E7E389}"
EndProject
Project("{2150E333-8FDC-42A3-9474-1A3956D46DE8}") = "Engine", "Engine", "{F529F48E-B7D8-4341-A169-02F3BCF06715}"
EndProject
Global
	GlobalSection(SolutionConfigurationPlatforms) = preSolution
		Debug|x64 = Debug|x64
		Debug|x86 = Debug|x86
		Release|x64 = Release|x64
		Release|x86 = Release|x86
	EndGlobalSection
	GlobalSection(ProjectConfigurationPlatforms) = postSolution
		{21B1B3DE-302D-4771-8F96-73D658E7E389}.Debug|x64.ActiveCfg = Debug|x64
		{21B1B3DE-302D-4771-8F96-73D658E7E389}.Debug|x64.Build.0 = Debug|x64
		{21B1B3DE-302D-4771-8F96-73D658E7E389}.Debug|x86.ActiveCfg = Debug|Win32
		{21B1B3DE-302D-4771-8F96-73D658E7E389}.Debug|x86.Build.0 = Debug|Win32
		{21B1B3DE-302D-4771-8F96-73D658E7E389}.Release|x64.ActiveCfg = Release|x64
		{21B1B3DE-302D-4771-8F96-73D658E7E389}.Release|x64.Build.0 = Release|x64
		{21B1B3DE-302D-4771-8F96-73D658E7E389}.Release|x86.ActiveCfg = Release|Win32
		{21B1B3DE-302D-4771-8F96-73D658E7E389}.Release|x86.Build.0 = Release|Win32
	EndGlobalSection
	GlobalSection(SolutionProperties) = preSolution
		HideSolutionNode = FALSE
	EndGlobalSection
	GlobalSection(NestedProjects) = preSolution
		{21B1B3DE-302D-4771-8F96-73D658E7E389} = {F529F48E-B7D8-4341-A169-02F3BCF06715}
	EndGlobalSection
	GlobalSection(ExtensibilityGlobals) = postSolution
		SolutionGuid = {D3A8DBEF-730D-4842-B32B-6A445CA9150F}
	EndGlobalSection
EndGlobal
